
Microsoft Visual Studio Solution File, Format Version 12.00
Project("{FAE04EC0-301F-11D3-BF4B-00C04F79EFBC}") = "Practice3_2", "Practice3_2.csproj", "{65C239B9-8A21-4747-A1AC-23F5C2CC8480}"
EndProject
Global
	GlobalSection(SolutionConfigurationPlatforms) = preSolution
		Debug|Any CPU = Debug|Any CPU
		Release|Any CPU = Release|Any CPU
	EndGlobalSection
	GlobalSection(ProjectConfigurationPlatforms) = postSolution
		{65C239B9-8A21-4747-A1AC-23F5C2CC8480}.Debug|Any CPU.ActiveCfg = Debug|Any CPU
		{65C239B9-8A21-4747-A1AC-23F5C2CC8480}.Debug|Any CPU.Build.0 = Debug|Any CPU
		{65C239B9-8A21-4747-A1AC-23F5C2CC8480}.Release|Any CPU.ActiveCfg = Release|Any CPU
		{65C239B9-8A21-4747-A1AC-23F5C2CC8480}.Release|Any CPU.Build.0 = Release|Any CPU
	EndGlobalSection
EndGlobal
